preprocess:
  cmd: python -m spacy run preprocess
  script:
    - python -m spacy convert assets/ner_condition_training.json corpus/
    - python -m spacy convert assets/ner_condition_eval.json corpus/
    - python -m spacy convert assets/textcat_sentiment_training.json corpus/
    - python -m spacy convert assets/textcat_sentiment_eval.json corpus/
    - python -m spacy convert assets/ner_substance_training.json corpus/
    - python -m spacy convert assets/ner_substance_eval.json corpus/
  deps:
    - path: assets/ner_condition_training.json
      md5: 2bfca995ae2be3f252e56f4f3f6aabe7
    - path: assets/ner_condition_eval.json
      md5: 55b2de195f86864cb7d21e03419f85e6
    - path: assets/textcat_sentiment_training.json
      md5: 181d36c33f3791b7893f0e1c8a54c3c2
    - path: assets/textcat_sentiment_eval.json
      md5: 1522e5d360456929419e92763bece0bd
    - path: assets/ner_substance_training.json
      md5: f3e589e87796e09cae21486fb59a5151
    - path: assets/ner_substance_eval.json
      md5: ca845657c22125ac8eff0a5a114dd9e6
  outs:
    - path: corpus/ner_condition_training.spacy
      md5: 42beaf4fe65095525a2cd9df078c4c5e
    - path: corpus/ner_condition_eval.spacy
      md5: a3b84f9a5ce6416ca559538dcffea9b0
    - path: corpus/textcat_sentiment_training.spacy
      md5: 64c7c7252c5e68539362057e602895cc
    - path: corpus/textcat_sentiment_eval.spacy
      md5: a3372ba9a5cb4a7893d48a45b8f612a7
    - path: corpus/ner_substance_training.spacy
      md5: be7cb1f7cea21a944fa7d4f3f876dae4
    - path: corpus/ner_substance_eval.spacy
      md5: 0092ebe6b43830260e0aab0a253e0277
  spacy_version: 3.0.6
  spacy_git_version: df3444421
